
Microsoft Visual Studio Solution File, Format Version 12.00
# Visual Studio Version 17
VisualStudioVersion = 17.12.35309.182
MinimumVisualStudioVersion = 10.0.40219.1
Project("{FAE04EC0-301F-11D3-BF4B-00C04F79EFBC}") = "Note_API", "Note_API\Note_API.csproj", "{AC8BCA3B-EAE8-438E-B7FA-582702643DAE}"
EndProject
Global
	GlobalSection(SolutionConfigurationPlatforms) = preSolution
		Debug|Any CPU = Debug|Any CPU
		Release|Any CPU = Release|Any CPU
	EndGlobalSection
	GlobalSection(ProjectConfigurationPlatforms) = postSolution
		{AC8BCA3B-EAE8-438E-B7FA-582702643DAE}.Debug|Any CPU.ActiveCfg = Debug|Any CPU
		{AC8BCA3B-EAE8-438E-B7FA-582702643DAE}.Debug|Any CPU.Build.0 = Debug|Any CPU
		{AC8BCA3B-EAE8-438E-B7FA-582702643DAE}.Release|Any CPU.ActiveCfg = Release|Any CPU
		{AC8BCA3B-EAE8-438E-B7FA-582702643DAE}.Release|Any CPU.Build.0 = Release|Any CPU
	EndGlobalSection
	GlobalSection(SolutionProperties) = preSolution
		HideSolutionNode = FALSE
	EndGlobalSection
	GlobalSection(ExtensibilityGlobals) = postSolution
		SolutionGuid = {76DE2FF7-4F1F-4DE5-9096-71EA244CF134}
	EndGlobalSection
EndGlobal
